
Microsoft Visual Studio Solution File, Format Version 12.00
# Visual Studio Version 17
VisualStudioVersion = 17.8.34525.116
MinimumVisualStudioVersion = 10.0.40219.1
Project("{9A19103F-16F7-4668-BE54-9A1E7A4F7556}") = "StudentGroupConsoleApp", "StudentGroupConsoleApp.csproj", "{77E0B2C2-5376-42F5-9DDB-EF491DD31089}"
EndProject
Global
	GlobalSection(SolutionConfigurationPlatforms) = preSolution
		Debug|Any CPU = Debug|Any CPU
		Release|Any CPU = Release|Any CPU
	EndGlobalSection
	GlobalSection(ProjectConfigurationPlatforms) = postSolution
		{77E0B2C2-5376-42F5-9DDB-EF491DD31089}.Debug|Any CPU.ActiveCfg = Debug|Any CPU
		{77E0B2C2-5376-42F5-9DDB-EF491DD31089}.Debug|Any CPU.Build.0 = Debug|Any CPU
		{77E0B2C2-5376-42F5-9DDB-EF491DD31089}.Release|Any CPU.ActiveCfg = Release|Any CPU
		{77E0B2C2-5376-42F5-9DDB-EF491DD31089}.Release|Any CPU.Build.0 = Release|Any CPU
	EndGlobalSection
	GlobalSection(SolutionProperties) = preSolution
		HideSolutionNode = FALSE
	EndGlobalSection
	GlobalSection(ExtensibilityGlobals) = postSolution
		SolutionGuid = {4A21FEE3-7271-4226-8363-39AE010BC2FC}
	EndGlobalSection
EndGlobal
